// !$*UTF8*$!
{
	archiveVersion = 1;
	classes = {
	};
	objectVersion = 46;
	objects = {

/* Begin PBXBuildFile section */
		788185691CCF01A00015A627 /* AppDelegate.swift in Sources */ = {isa = PBXBuildFile; fileRef = 788185681CCF01A00015A627 /* AppDelegate.swift */; };
		7881856B1CCF01A00015A627 /* ViewController.swift in Sources */ = {isa = PBXBuildFile; fileRef = 7881856A1CCF01A00015A627 /* ViewController.swift */; };
		7881856E1CCF01A00015A627 /* Main.storyboard in Resources */ = {isa = PBXBuildFile; fileRef = 7881856C1CCF01A00015A627 /* Main.storyboard */; };
		788185701CCF01A00015A627 /* Assets.xcassets in Resources */ = {isa = PBXBuildFile; fileRef = 7881856F1CCF01A00015A627 /* Assets.xcassets */; };
		788185731CCF01A00015A627 /* LaunchScreen.storyboard in Resources */ = {isa = PBXBuildFile; fileRef = 788185711CCF01A00015A627 /* LaunchScreen.storyboard */; };
		7881857C1CCF04CC0015A627 /* PointOfInterest.swift in Sources */ = {isa = PBXBuildFile; fileRef = 7881857B1CCF04CC0015A627 /* PointOfInterest.swift */; };
		7881857E1CCF0E620015A627 /* NewPinViewController.swift in Sources */ = {isa = PBXBuildFile; fileRef = 7881857D1CCF0E620015A627 /* NewPinViewController.swift */; };
		E4E147451CD1AB5400E502E6 /* WelcomeViewController.swift in Sources */ = {isa = PBXBuildFile; fileRef = E4E147441CD1AB5400E502E6 /* WelcomeViewController.swift */; };
		E4E147471CD1AB9C00E502E6 /* HowToViewController.swift in Sources */ = {isa = PBXBuildFile; fileRef = E4E147461CD1AB9C00E502E6 /* HowToViewController.swift */; };
		E4E147491CD1ABD400E502E6 /* ReadyViewController.swift in Sources */ = {isa = PBXBuildFile; fileRef = E4E147481CD1ABD400E502E6 /* ReadyViewController.swift */; };
		E4E1474B1CD1AC6300E502E6 /* TutorialPageController.swift in Sources */ = {isa = PBXBuildFile; fileRef = E4E1474A1CD1AC6300E502E6 /* TutorialPageController.swift */; };
		E4E1474D1CD1AFB700E502E6 /* Indexable.swift in Sources */ = {isa = PBXBuildFile; fileRef = E4E1474C1CD1AFB700E502E6 /* Indexable.swift */; };
		E4E1474F1CD1B4AE00E502E6 /* NSUserDefaults.swift in Sources */ = {isa = PBXBuildFile; fileRef = E4E1474E1CD1B4AE00E502E6 /* NSUserDefaults.swift */; };
/* End PBXBuildFile section */

/* Begin PBXFileReference section */
		788185651CCF01A00015A627 /* MapThing.app */ = {isa = PBXFileReference; explicitFileType = wrapper.application; includeInIndex = 0; path = MapThing.app; sourceTree = BUILT_PRODUCTS_DIR; };
		788185681CCF01A00015A627 /* AppDelegate.swift */ = {isa = PBXFileReference; lastKnownFileType = sourcecode.swift; path = AppDelegate.swift; sourceTree = "<group>"; };
		7881856A1CCF01A00015A627 /* ViewController.swift */ = {isa = PBXFileReference; lastKnownFileType = sourcecode.swift; path = ViewController.swift; sourceTree = "<group>"; };
		7881856D1CCF01A00015A627 /* Base */ = {isa = PBXFileReference; lastKnownFileType = file.storyboard; name = Base; path = Base.lproj/Main.storyboard; sourceTree = "<group>"; };
		7881856F1CCF01A00015A627 /* Assets.xcassets */ = {isa = PBXFileReference; lastKnownFileType = folder.assetcatalog; path = Assets.xcassets; sourceTree = "<group>"; };
		788185721CCF01A00015A627 /* Base */ = {isa = PBXFileReference; lastKnownFileType = file.storyboard; name = Base; path = Base.lproj/LaunchScreen.storyboard; sourceTree = "<group>"; };
		788185741CCF01A00015A627 /* Info.plist */ = {isa = PBXFileReference; lastKnownFileType = text.plist.xml; path = Info.plist; sourceTree = "<group>"; };
		7881857B1CCF04CC0015A627 /* PointOfInterest.swift */ = {isa = PBXFileReference; fileEncoding = 4; lastKnownFileType = sourcecode.swift; path = PointOfInterest.swift; sourceTree = "<group>"; };
		7881857D1CCF0E620015A627 /* NewPinViewController.swift */ = {isa = PBXFileReference; fileEncoding = 4; lastKnownFileType = sourcecode.swift; path = NewPinViewController.swift; sourceTree = "<group>"; };
		E4E147441CD1AB5400E502E6 /* WelcomeViewController.swift */ = {isa = PBXFileReference; fileEncoding = 4; lastKnownFileType = sourcecode.swift; path = WelcomeViewController.swift; sourceTree = "<group>"; };
		E4E147461CD1AB9C00E502E6 /* HowToViewController.swift */ = {isa = PBXFileReference; fileEncoding = 4; lastKnownFileType = sourcecode.swift; path = HowToViewController.swift; sourceTree = "<group>"; };
		E4E147481CD1ABD400E502E6 /* ReadyViewController.swift */ = {isa = PBXFileReference; fileEncoding = 4; lastKnownFileType = sourcecode.swift; path = ReadyViewController.swift; sourceTree = "<group>"; };
		E4E1474A1CD1AC6300E502E6 /* TutorialPageController.swift */ = {isa = PBXFileReference; fileEncoding = 4; lastKnownFileType = sourcecode.swift; path = TutorialPageController.swift; sourceTree = "<group>"; };
		E4E1474C1CD1AFB700E502E6 /* Indexable.swift */ = {isa = PBXFileReference; fileEncoding = 4; lastKnownFileType = sourcecode.swift; path = Indexable.swift; sourceTree = "<group>"; };
		E4E1474E1CD1B4AE00E502E6 /* NSUserDefaults.swift */ = {isa = PBXFileReference; fileEncoding = 4; lastKnownFileType = sourcecode.swift; path = NSUserDefaults.swift; sourceTree = "<group>"; };
/* End PBXFileReference section */

/* Begin PBXFrameworksBuildPhase section */
		788185621CCF01A00015A627 /* Frameworks */ = {
			isa = PBXFrameworksBuildPhase;
			buildActionMask = 2147483647;
			files = (
			);
			runOnlyForDeploymentPostprocessing = 0;
		};
/* End PBXFrameworksBuildPhase section */

/* Begin PBXGroup section */
		7881855C1CCF01A00015A627 = {
			isa = PBXGroup;
			children = (
				788185671CCF01A00015A627 /* MapThing */,
				788185661CCF01A00015A627 /* Products */,
			);
			sourceTree = "<group>";
		};
		788185661CCF01A00015A627 /* Products */ = {
			isa = PBXGroup;
			children = (
				788185651CCF01A00015A627 /* MapThing.app */,
			);
			name = Products;
			sourceTree = "<group>";
		};
		788185671CCF01A00015A627 /* MapThing */ = {
			isa = PBXGroup;
			children = (
				788185681CCF01A00015A627 /* AppDelegate.swift */,
				7881856A1CCF01A00015A627 /* ViewController.swift */,
				7881857B1CCF04CC0015A627 /* PointOfInterest.swift */,
				7881856C1CCF01A00015A627 /* Main.storyboard */,
				E4E1474E1CD1B4AE00E502E6 /* NSUserDefaults.swift */,
				E4E147441CD1AB5400E502E6 /* WelcomeViewController.swift */,
				E4E147461CD1AB9C00E502E6 /* HowToViewController.swift */,
				E4E147481CD1ABD400E502E6 /* ReadyViewController.swift */,
				7881857D1CCF0E620015A627 /* NewPinViewController.swift */,
				7881857A1CCF036B0015A627 /* Supporting Files */,
				E4E1474A1CD1AC6300E502E6 /* TutorialPageController.swift */,
				E4E1474C1CD1AFB700E502E6 /* Indexable.swift */,
			);
			path = MapThing;
			sourceTree = "<group>";
		};
		7881857A1CCF036B0015A627 /* Supporting Files */ = {
			isa = PBXGroup;
			children = (
				7881856F1CCF01A00015A627 /* Assets.xcassets */,
				788185711CCF01A00015A627 /* LaunchScreen.storyboard */,
				788185741CCF01A00015A627 /* Info.plist */,
			);
			name = "Supporting Files";
			sourceTree = "<group>";
		};
/* End PBXGroup section */

/* Begin PBXNativeTarget section */
		788185641CCF01A00015A627 /* MapThing */ = {
			isa = PBXNativeTarget;
			buildConfigurationList = 788185771CCF01A00015A627 /* Build configuration list for PBXNativeTarget "MapThing" */;
			buildPhases = (
				788185611CCF01A00015A627 /* Sources */,
				788185621CCF01A00015A627 /* Frameworks */,
				788185631CCF01A00015A627 /* Resources */,
			);
			buildRules = (
			);
			dependencies = (
			);
			name = MapThing;
			productName = MapThing;
			productReference = 788185651CCF01A00015A627 /* MapThing.app */;
			productType = "com.apple.product-type.application";
		};
/* End PBXNativeTarget section */

/* Begin PBXProject section */
		7881855D1CCF01A00015A627 /* Project object */ = {
			isa = PBXProject;
			attributes = {
				LastSwiftUpdateCheck = 0720;
				LastUpgradeCheck = 0720;
				ORGANIZATIONNAME = "Ciauri, Stephen";
				TargetAttributes = {
					788185641CCF01A00015A627 = {
						CreatedOnToolsVersion = 7.2;
					};
				};
			};
			buildConfigurationList = 788185601CCF01A00015A627 /* Build configuration list for PBXProject "MapThing" */;
			compatibilityVersion = "Xcode 3.2";
			developmentRegion = English;
			hasScannedForEncodings = 0;
			knownRegions = (
				en,
				Base,
			);
			mainGroup = 7881855C1CCF01A00015A627;
			productRefGroup = 788185661CCF01A00015A627 /* Products */;
			projectDirPath = "";
			projectRoot = "";
			targets = (
				788185641CCF01A00015A627 /* MapThing */,
			);
		};
/* End PBXProject section */

/* Begin PBXResourcesBuildPhase section */
		788185631CCF01A00015A627 /* Resources */ = {
			isa = PBXResourcesBuildPhase;
			buildActionMask = 2147483647;
			files = (
				788185731CCF01A00015A627 /* LaunchScreen.storyboard in Resources */,
				788185701CCF01A00015A627 /* Assets.xcassets in Resources */,
				7881856E1CCF01A00015A627 /* Main.storyboard in Resources */,
			);
			runOnlyForDeploymentPostprocessing = 0;
		};
/* End PBXResourcesBuildPhase section */

/* Begin PBXSourcesBuildPhase section */
		788185611CCF01A00015A627 /* Sources */ = {
			isa = PBXSourcesBuildPhase;
			buildActionMask = 2147483647;
			files = (
				E4E147491CD1ABD400E502E6 /* ReadyViewController.swift in Sources */,
				E4E147471CD1AB9C00E502E6 /* HowToViewController.swift in Sources */,
				E4E1474D1CD1AFB700E502E6 /* Indexable.swift in Sources */,
				7881856B1CCF01A00015A627 /* ViewController.swift in Sources */,
				E4E147451CD1AB5400E502E6 /* WelcomeViewController.swift in Sources */,
				E4E1474F1CD1B4AE00E502E6 /* NSUserDefaults.swift in Sources */,
				E4E1474B1CD1AC6300E502E6 /* TutorialPageController.swift in Sources */,
				7881857E1CCF0E620015A627 /* NewPinViewController.swift in Sources */,
				7881857C1CCF04CC0015A627 /* PointOfInterest.swift in Sources */,
				788185691CCF01A00015A627 /* AppDelegate.swift in Sources */,
			);
			runOnlyForDeploymentPostprocessing = 0;
		};
/* End PBXSourcesBuildPhase section */

/* Begin PBXVariantGroup section */
		7881856C1CCF01A00015A627 /* Main.storyboard */ = {
			isa = PBXVariantGroup;
			children = (
				7881856D1CCF01A00015A627 /* Base */,
			);
			name = Main.storyboard;
			sourceTree = "<group>";
		};
		788185711CCF01A00015A627 /* LaunchScreen.storyboard */ = {
			isa = PBXVariantGroup;
			children = (
				788185721CCF01A00015A627 /* Base */,
			);
			name = LaunchScreen.storyboard;
			sourceTree = "<group>";
		};
/* End PBXVariantGroup section */

/* Begin XCBuildConfiguration section */
		788185751CCF01A00015A627 /* Debug */ = {
			isa = XCBuildConfiguration;
			buildSettings = {
				ALWAYS_SEARCH_USER_PATHS = NO;
				CLANG_CXX_LANGUAGE_STANDARD = "gnu++0x";
				CLANG_CXX_LIBRARY = "libc++";
				CLANG_ENABLE_MODULES = YES;
				CLANG_ENABLE_OBJC_ARC = YES;
				CLANG_WARN_BOOL_CONVERSION = YES;
				CLANG_WARN_CONSTANT_CONVERSION = YES;
				CLANG_WARN_DIRECT_OBJC_ISA_USAGE = YES_ERROR;
				CLANG_WARN_EMPTY_BODY = YES;
				CLANG_WARN_ENUM_CONVERSION = YES;
				CLANG_WARN_INT_CONVERSION = YES;
				CLANG_WARN_OBJC_ROOT_CLASS = YES_ERROR;
				CLANG_WARN_UNREACHABLE_CODE = YES;
				CLANG_WARN__DUPLICATE_METHOD_MATCH = YES;
				"CODE_SIGN_IDENTITY[sdk=iphoneos*]" = "iPhone Developer";
				COPY_PHASE_STRIP = NO;
				DEBUG_INFORMATION_FORMAT = dwarf;
				ENABLE_STRICT_OBJC_MSGSEND = YES;
				ENABLE_TESTABILITY = YES;
				GCC_C_LANGUAGE_STANDARD = gnu99;
				GCC_DYNAMIC_NO_PIC = NO;
				GCC_NO_COMMON_BLOCKS = YES;
				GCC_OPTIMIZATION_LEVEL = 0;
				GCC_PREPROCESSOR_DEFINITIONS = (
					"DEBUG=1",
					"$(inherited)",
				);
				GCC_WARN_64_TO_32_BIT_CONVERSION = YES;
				GCC_WARN_ABOUT_RETURN_TYPE = YES_ERROR;
				GCC_WARN_UNDECLARED_SELECTOR = YES;
				GCC_WARN_UNINITIALIZED_AUTOS = YES_AGGRESSIVE;
				GCC_WARN_UNUSED_FUNCTION = YES;
				GCC_WARN_UNUSED_VARIABLE = YES;
				IPHONEOS_DEPLOYMENT_TARGET = 9.2;
				MTL_ENABLE_DEBUG_INFO = YES;
				ONLY_ACTIVE_ARCH = YES;
				SDKROOT = iphoneos;
				SWIFT_OPTIMIZATION_LEVEL = "-Onone";
				TARGETED_DEVICE_FAMILY = "1,2";
			};
			name = Debug;
		};
		788185761CCF01A00015A627 /* Release */ = {
			isa = XCBuildConfiguration;
			buildSettings = {
				ALWAYS_SEARCH_USER_PATHS = NO;
				CLANG_CXX_LANGUAGE_STANDARD = "gnu++0x";
				CLANG_CXX_LIBRARY = "libc++";
				CLANG_ENABLE_MODULES = YES;
				CLANG_ENABLE_OBJC_ARC = YES;
				CLANG_WARN_BOOL_CONVERSION = YES;
				CLANG_WARN_CONSTANT_CONVERSION = YES;
				CLANG_WARN_DIRECT_OBJC_ISA_USAGE = YES_ERROR;
				CLANG_WARN_EMPTY_BODY = YES;
				CLANG_WARN_ENUM_CONVERSION = YES;
				CLANG_WARN_INT_CONVERSION = YES;
				CLANG_WARN_OBJC_ROOT_CLASS = YES_ERROR;
				CLANG_WARN_UNREACHABLE_CODE = YES;
				CLANG_WARN__DUPLICATE_METHOD_MATCH = YES;
				"CODE_SIGN_IDENTITY[sdk=iphoneos*]" = "iPhone Developer";
				COPY_PHASE_STRIP = NO;
				DEBUG_INFORMATION_FORMAT = "dwarf-with-dsym";
				ENABLE_NS_ASSERTIONS = NO;
				ENABLE_STRICT_OBJC_MSGSEND = YES;
				GCC_C_LANGUAGE_STANDARD = gnu99;
				GCC_NO_COMMON_BLOCKS = YES;
				GCC_WARN_64_TO_32_BIT_CONVERSION = YES;
				GCC_WARN_ABOUT_RETURN_TYPE = YES_ERROR;
				GCC_WARN_UNDECLARED_SELECTOR = YES;
				GCC_WARN_UNINITIALIZED_AUTOS = YES_AGGRESSIVE;
				GCC_WARN_UNUSED_FUNCTION = YES;
				GCC_WARN_UNUSED_VARIABLE = YES;
				IPHONEOS_DEPLOYMENT_TARGET = 9.2;
				MTL_ENABLE_DEBUG_INFO = NO;
				SDKROOT = iphoneos;
				TARGETED_DEVICE_FAMILY = "1,2";
				VALIDATE_PRODUCT = YES;
			};
			name = Release;
		};
		788185781CCF01A00015A627 /* Debug */ = {
			isa = XCBuildConfiguration;
			buildSettings = {
				ASSETCATALOG_COMPILER_APPICON_NAME = AppIcon;
				INFOPLIST_FILE = MapThing/Info.plist;
				LD_RUNPATH_SEARCH_PATHS = "$(inherited) @executable_path/Frameworks";
				PRODUCT_BUNDLE_IDENTIFIER = com.stephenciauri.MapThing;
				PRODUCT_NAME = "$(TARGET_NAME)";
			};
			name = Debug;
		};
		788185791CCF01A00015A627 /* Release */ = {
			isa = XCBuildConfiguration;
			buildSettings = {
				ASSETCATALOG_COMPILER_APPICON_NAME = AppIcon;
				INFOPLIST_FILE = MapThing/Info.plist;
				LD_RUNPATH_SEARCH_PATHS = "$(inherited) @executable_path/Frameworks";
				PRODUCT_BUNDLE_IDENTIFIER = com.stephenciauri.MapThing;
				PRODUCT_NAME = "$(TARGET_NAME)";
			};
			name = Release;
		};
/* End XCBuildConfiguration section */

/* Begin XCConfigurationList section */
		788185601CCF01A00015A627 /* Build configuration list for PBXProject "MapThing" */ = {
			isa = XCConfigurationList;
			buildConfigurations = (
				788185751CCF01A00015A627 /* Debug */,
				788185761CCF01A00015A627 /* Release */,
			);
			defaultConfigurationIsVisible = 0;
			defaultConfigurationName = Release;
		};
		788185771CCF01A00015A627 /* Build configuration list for PBXNativeTarget "MapThing" */ = {
			isa = XCConfigurationList;
			buildConfigurations = (
				788185781CCF01A00015A627 /* Debug */,
				788185791CCF01A00015A627 /* Release */,
			);
			defaultConfigurationIsVisible = 0;
			defaultConfigurationName = Release;
		};
/* End XCConfigurationList section */
	};
	rootObject = 7881855D1CCF01A00015A627 /* Project object */;
}
